
Microsoft Visual Studio Solution File, Format Version 12.00
# Visual Studio Version 17
VisualStudioVersion = 17.3.32922.545
MinimumVisualStudioVersion = 10.0.40219.1
Project("{FAE04EC0-301F-11D3-BF4B-00C04F79EFBC}") = "XIPPLG6PROJECT", "XIPPLG6PROJECT\XIPPLG6PROJECT.csproj", "{297F932C-C81A-4B5D-B9E9-B79A40B471AF}"
EndProject
Global
	GlobalSection(SolutionConfigurationPlatforms) = preSolution
		Debug|Any CPU = Debug|Any CPU
		Release|Any CPU = Release|Any CPU
	EndGlobalSection
	GlobalSection(ProjectConfigurationPlatforms) = postSolution
		{297F932C-C81A-4B5D-B9E9-B79A40B471AF}.Debug|Any CPU.ActiveCfg = Debug|Any CPU
		{297F932C-C81A-4B5D-B9E9-B79A40B471AF}.Debug|Any CPU.Build.0 = Debug|Any CPU
		{297F932C-C81A-4B5D-B9E9-B79A40B471AF}.Release|Any CPU.ActiveCfg = Release|Any CPU
		{297F932C-C81A-4B5D-B9E9-B79A40B471AF}.Release|Any CPU.Build.0 = Release|Any CPU
	EndGlobalSection
	GlobalSection(SolutionProperties) = preSolution
		HideSolutionNode = FALSE
	EndGlobalSection
	GlobalSection(ExtensibilityGlobals) = postSolution
		SolutionGuid = {F4D54570-B95F-4233-82DD-CB1F1057F3FB}
	EndGlobalSection
EndGlobal
